
Microsoft Visual Studio Solution File, Format Version 12.00
# Visual Studio 15
VisualStudioVersion = 15.0.28307.1340
MinimumVisualStudioVersion = 10.0.40219.1
Project("{159641D6-6404-4A2A-AE62-294DE0FE8301}") = "SSIS_POC1", "SSIS_POC1\SSIS_POC1.dtproj", "{8000463E-D9C2-451E-9819-2A1FA90E5749}"
EndProject
Global
	GlobalSection(SolutionConfigurationPlatforms) = preSolution
		Azure|Any CPU = Azure|Any CPU
		Azure|x64 = Azure|x64
		Azure|x86 = Azure|x86
		Debug|Any CPU = Debug|Any CPU
		Debug|x64 = Debug|x64
		Debug|x86 = Debug|x86
		Development|Any CPU = Development|Any CPU
		Development|x64 = Development|x64
		Development|x86 = Development|x86
		Release|Any CPU = Release|Any CPU
		Release|x64 = Release|x64
		Release|x86 = Release|x86
		SSIS_POC_Config|Any CPU = SSIS_POC_Config|Any CPU
		SSIS_POC_Config|x64 = SSIS_POC_Config|x64
		SSIS_POC_Config|x86 = SSIS_POC_Config|x86
	EndGlobalSection
	GlobalSection(ProjectConfigurationPlatforms) = postSolution
		{8000463E-D9C2-451E-9819-2A1FA90E5749}.Azure|Any CPU.ActiveCfg = Azure
		{8000463E-D9C2-451E-9819-2A1FA90E5749}.Azure|Any CPU.Build.0 = Azure
		{8000463E-D9C2-451E-9819-2A1FA90E5749}.Azure|x64.ActiveCfg = Azure
		{8000463E-D9C2-451E-9819-2A1FA90E5749}.Azure|x64.Build.0 = Azure
		{8000463E-D9C2-451E-9819-2A1FA90E5749}.Azure|x86.ActiveCfg = Azure
		{8000463E-D9C2-451E-9819-2A1FA90E5749}.Azure|x86.Build.0 = Azure
		{8000463E-D9C2-451E-9819-2A1FA90E5749}.Debug|Any CPU.ActiveCfg = Development
		{8000463E-D9C2-451E-9819-2A1FA90E5749}.Debug|Any CPU.Build.0 = Development
		{8000463E-D9C2-451E-9819-2A1FA90E5749}.Debug|x64.ActiveCfg = Development
		{8000463E-D9C2-451E-9819-2A1FA90E5749}.Debug|x64.Build.0 = Development
		{8000463E-D9C2-451E-9819-2A1FA90E5749}.Debug|x86.ActiveCfg = Development
		{8000463E-D9C2-451E-9819-2A1FA90E5749}.Debug|x86.Build.0 = Development
		{8000463E-D9C2-451E-9819-2A1FA90E5749}.Development|Any CPU.ActiveCfg = Development
		{8000463E-D9C2-451E-9819-2A1FA90E5749}.Development|Any CPU.Build.0 = Development
		{8000463E-D9C2-451E-9819-2A1FA90E5749}.Development|x64.ActiveCfg = Development
		{8000463E-D9C2-451E-9819-2A1FA90E5749}.Development|x64.Build.0 = Development
		{8000463E-D9C2-451E-9819-2A1FA90E5749}.Development|x86.ActiveCfg = Development
		{8000463E-D9C2-451E-9819-2A1FA90E5749}.Development|x86.Build.0 = Development
		{8000463E-D9C2-451E-9819-2A1FA90E5749}.Release|Any CPU.ActiveCfg = Development
		{8000463E-D9C2-451E-9819-2A1FA90E5749}.Release|Any CPU.Build.0 = Development
		{8000463E-D9C2-451E-9819-2A1FA90E5749}.Release|x64.ActiveCfg = Development
		{8000463E-D9C2-451E-9819-2A1FA90E5749}.Release|x64.Build.0 = Development
		{8000463E-D9C2-451E-9819-2A1FA90E5749}.Release|x86.ActiveCfg = Development
		{8000463E-D9C2-451E-9819-2A1FA90E5749}.Release|x86.Build.0 = Development
		{8000463E-D9C2-451E-9819-2A1FA90E5749}.SSIS_POC_Config|Any CPU.ActiveCfg = SSIS_POC_Config
		{8000463E-D9C2-451E-9819-2A1FA90E5749}.SSIS_POC_Config|Any CPU.Build.0 = SSIS_POC_Config
		{8000463E-D9C2-451E-9819-2A1FA90E5749}.SSIS_POC_Config|x64.ActiveCfg = SSIS_POC_Config
		{8000463E-D9C2-451E-9819-2A1FA90E5749}.SSIS_POC_Config|x64.Build.0 = SSIS_POC_Config
		{8000463E-D9C2-451E-9819-2A1FA90E5749}.SSIS_POC_Config|x86.ActiveCfg = SSIS_POC_Config
		{8000463E-D9C2-451E-9819-2A1FA90E5749}.SSIS_POC_Config|x86.Build.0 = SSIS_POC_Config
	EndGlobalSection
	GlobalSection(SolutionProperties) = preSolution
		HideSolutionNode = FALSE
	EndGlobalSection
	GlobalSection(ExtensibilityGlobals) = postSolution
		SolutionGuid = {EF9B274B-5E45-49B3-95E3-106A1EDFDB24}
	EndGlobalSection
EndGlobal
